
Microsoft Visual Studio Solution File, Format Version 12.00
Project("{2150E333-8FDC-42A3-9474-1A3956D46DE8}") = "Services", "Services", "{9F7818E3-EDBD-4B6D-A517-6D7DC89296D1}"
EndProject
Project("{2150E333-8FDC-42A3-9474-1A3956D46DE8}") = "BuildingBlock", "BuildingBlock", "{55BB1F23-10D7-4158-ACD2-275CFCA74CD3}"
EndProject
Project("{FAE04EC0-301F-11D3-BF4B-00C04F79EFBC}") = "Education.Core", "src\BuildingBlock\Education.Core\Education.Core.csproj", "{E2B74EAA-1588-4778-A6C9-75491340F7B1}"
EndProject
Project("{FAE04EC0-301F-11D3-BF4B-00C04F79EFBC}") = "Education.Infrastructure", "src\BuildingBlock\Education.Infrastructure\Education.Infrastructure.csproj", "{C2FED9B5-9B0E-406E-AEC5-01EFDE981FF0}"
EndProject
Project("{2150E333-8FDC-42A3-9474-1A3956D46DE8}") = "IdentityService", "IdentityService", "{E17A2A81-1D1E-4844-A65F-159C87F87860}"
EndProject
Project("{FAE04EC0-301F-11D3-BF4B-00C04F79EFBC}") = "IdentityService", "src\Services\IdentityService\IdentityService\IdentityService.csproj", "{030D33C8-0EB4-4020-ABFE-6E93667C0455}"
EndProject
Project("{FAE04EC0-301F-11D3-BF4B-00C04F79EFBC}") = "Education.Contract", "src\BuildingBlock\Education.Contract\Education.Contract.csproj", "{DF9D3DE2-AAD7-422B-BF1C-6212C0EC4F5D}"
EndProject
Project("{2150E333-8FDC-42A3-9474-1A3956D46DE8}") = "TrainingService", "TrainingService", "{4361FCEC-81A0-4ED8-BAA0-10FAE2E50D95}"
EndProject
Project("{FAE04EC0-301F-11D3-BF4B-00C04F79EFBC}") = "TrainingService.Api", "src\Services\TrainingService\TrainingService.Api\TrainingService.Api.csproj", "{D7142136-BB4D-418E-ADCE-E0B57BA9FD40}"
EndProject
Project("{FAE04EC0-301F-11D3-BF4B-00C04F79EFBC}") = "TrainingService.AppCore", "src\Services\TrainingService\TrainingService.AppCore\TrainingService.AppCore.csproj", "{89DC41BA-56FF-4537-903A-0B3442DA9FBC}"
EndProject
Project("{FAE04EC0-301F-11D3-BF4B-00C04F79EFBC}") = "TrainingService.Infrastructure", "src\Services\TrainingService\TrainingService.Infrastructure\TrainingService.Infrastructure.csproj", "{DFAD809F-B1CA-490B-883C-DCA5D41AC7DD}"
EndProject
Project("{FAE04EC0-301F-11D3-BF4B-00C04F79EFBC}") = "TrainingService.Domain", "src\Services\TrainingService\TrainingService.Domain\TrainingService.Domain.csproj", "{6E93A6DC-3081-42A2-9566-1C9955192463}"
EndProject
Project("{2150E333-8FDC-42A3-9474-1A3956D46DE8}") = "Gateways", "Gateways", "{6A5BCED9-E564-4E88-8E9E-AD5CCD145910}"
EndProject
Project("{FAE04EC0-301F-11D3-BF4B-00C04F79EFBC}") = "Gateway", "src\Services\Gateways\Gateway\Gateway.csproj", "{7F29E457-C9E4-4012-BC02-65F1C5789A40}"
EndProject
Project("{2150E333-8FDC-42A3-9474-1A3956D46DE8}") = "RegisterService", "RegisterService", "{2D679B1E-3641-4EE6-BE0B-A77F9C32B59D}"
EndProject
Project("{2150E333-8FDC-42A3-9474-1A3956D46DE8}") = "StudentService", "StudentService", "{7D842E5F-25D5-49A6-BE20-CFC4652622B1}"
EndProject
Project("{FAE04EC0-301F-11D3-BF4B-00C04F79EFBC}") = "RegisterStudy.Api", "src\Services\RegisterService\RegisterStudy.Api\RegisterStudy.Api.csproj", "{9CC69D56-F568-4881-8361-F42D76920202}"
EndProject
Project("{FAE04EC0-301F-11D3-BF4B-00C04F79EFBC}") = "RegisterStudy.AppCore", "src\Services\RegisterService\RegisterStudy.AppCore\RegisterStudy.AppCore.csproj", "{80378BF8-7115-43EE-B6F9-0AA2C6AB6D15}"
EndProject
Project("{FAE04EC0-301F-11D3-BF4B-00C04F79EFBC}") = "RegisterStudy.Domain", "src\Services\RegisterService\RegisterStudy.Domain\RegisterStudy.Domain.csproj", "{D00F2236-1839-4534-B44D-024A1A24C5BF}"
EndProject
Project("{FAE04EC0-301F-11D3-BF4B-00C04F79EFBC}") = "StudentService.Api", "src\Services\StudentService\StudentService.Api\StudentService.Api.csproj", "{F5216056-BB5E-4060-A6DB-D319D509045F}"
EndProject
Project("{FAE04EC0-301F-11D3-BF4B-00C04F79EFBC}") = "StudentService.AppCore", "src\Services\StudentService\StudentService.AppCore\StudentService.AppCore.csproj", "{8BC70D37-678B-4E1B-B38A-D002E212CE3C}"
EndProject
Project("{FAE04EC0-301F-11D3-BF4B-00C04F79EFBC}") = "StudentService.Domain", "src\Services\StudentService\StudentService.Domain\StudentService.Domain.csproj", "{70F069B2-111C-43FE-BC70-8342AA72F6C1}"
EndProject
Project("{FAE04EC0-301F-11D3-BF4B-00C04F79EFBC}") = "StudentService.Infrastructure", "src\Services\StudentService\StudentService.Infrastructure\StudentService.Infrastructure.csproj", "{5DCC08A0-BAC1-447A-AE67-A606B8EAB36D}"
EndProject
Project("{2150E333-8FDC-42A3-9474-1A3956D46DE8}") = "__", "__", "{8E760615-7E82-435C-9EE9-FAA7F4F00DC6}"
	ProjectSection(SolutionItems) = preProject
		deployments\docker-compose.debug.yml = deployments\docker-compose.debug.yml
	EndProjectSection
EndProject
Project("{FAE04EC0-301F-11D3-BF4B-00C04F79EFBC}") = "RegisterStudy.Infrastructure", "src\Services\RegisterService\RegisterStudy.Infrastructure\RegisterStudy.Infrastructure.csproj", "{3A47A822-80A7-4818-B208-823D85530D50}"
EndProject
Global
	GlobalSection(SolutionConfigurationPlatforms) = preSolution
		Debug|Any CPU = Debug|Any CPU
		Release|Any CPU = Release|Any CPU
	EndGlobalSection
	GlobalSection(NestedProjects) = preSolution
		{E2B74EAA-1588-4778-A6C9-75491340F7B1} = {55BB1F23-10D7-4158-ACD2-275CFCA74CD3}
		{C2FED9B5-9B0E-406E-AEC5-01EFDE981FF0} = {55BB1F23-10D7-4158-ACD2-275CFCA74CD3}
		{E17A2A81-1D1E-4844-A65F-159C87F87860} = {9F7818E3-EDBD-4B6D-A517-6D7DC89296D1}
		{030D33C8-0EB4-4020-ABFE-6E93667C0455} = {E17A2A81-1D1E-4844-A65F-159C87F87860}
		{DF9D3DE2-AAD7-422B-BF1C-6212C0EC4F5D} = {55BB1F23-10D7-4158-ACD2-275CFCA74CD3}
		{4361FCEC-81A0-4ED8-BAA0-10FAE2E50D95} = {9F7818E3-EDBD-4B6D-A517-6D7DC89296D1}
		{D7142136-BB4D-418E-ADCE-E0B57BA9FD40} = {4361FCEC-81A0-4ED8-BAA0-10FAE2E50D95}
		{89DC41BA-56FF-4537-903A-0B3442DA9FBC} = {4361FCEC-81A0-4ED8-BAA0-10FAE2E50D95}
		{DFAD809F-B1CA-490B-883C-DCA5D41AC7DD} = {4361FCEC-81A0-4ED8-BAA0-10FAE2E50D95}
		{6E93A6DC-3081-42A2-9566-1C9955192463} = {4361FCEC-81A0-4ED8-BAA0-10FAE2E50D95}
		{6A5BCED9-E564-4E88-8E9E-AD5CCD145910} = {9F7818E3-EDBD-4B6D-A517-6D7DC89296D1}
		{7F29E457-C9E4-4012-BC02-65F1C5789A40} = {6A5BCED9-E564-4E88-8E9E-AD5CCD145910}
		{2D679B1E-3641-4EE6-BE0B-A77F9C32B59D} = {9F7818E3-EDBD-4B6D-A517-6D7DC89296D1}
		{7D842E5F-25D5-49A6-BE20-CFC4652622B1} = {9F7818E3-EDBD-4B6D-A517-6D7DC89296D1}
		{9CC69D56-F568-4881-8361-F42D76920202} = {2D679B1E-3641-4EE6-BE0B-A77F9C32B59D}
		{80378BF8-7115-43EE-B6F9-0AA2C6AB6D15} = {2D679B1E-3641-4EE6-BE0B-A77F9C32B59D}
		{D00F2236-1839-4534-B44D-024A1A24C5BF} = {2D679B1E-3641-4EE6-BE0B-A77F9C32B59D}
		{F5216056-BB5E-4060-A6DB-D319D509045F} = {7D842E5F-25D5-49A6-BE20-CFC4652622B1}
		{8BC70D37-678B-4E1B-B38A-D002E212CE3C} = {7D842E5F-25D5-49A6-BE20-CFC4652622B1}
		{70F069B2-111C-43FE-BC70-8342AA72F6C1} = {7D842E5F-25D5-49A6-BE20-CFC4652622B1}
		{5DCC08A0-BAC1-447A-AE67-A606B8EAB36D} = {7D842E5F-25D5-49A6-BE20-CFC4652622B1}
		{3A47A822-80A7-4818-B208-823D85530D50} = {2D679B1E-3641-4EE6-BE0B-A77F9C32B59D}
	EndGlobalSection
	GlobalSection(ProjectConfigurationPlatforms) = postSolution
		{E2B74EAA-1588-4778-A6C9-75491340F7B1}.Debug|Any CPU.ActiveCfg = Debug|Any CPU
		{E2B74EAA-1588-4778-A6C9-75491340F7B1}.Debug|Any CPU.Build.0 = Debug|Any CPU
		{E2B74EAA-1588-4778-A6C9-75491340F7B1}.Release|Any CPU.ActiveCfg = Release|Any CPU
		{E2B74EAA-1588-4778-A6C9-75491340F7B1}.Release|Any CPU.Build.0 = Release|Any CPU
		{C2FED9B5-9B0E-406E-AEC5-01EFDE981FF0}.Debug|Any CPU.ActiveCfg = Debug|Any CPU
		{C2FED9B5-9B0E-406E-AEC5-01EFDE981FF0}.Debug|Any CPU.Build.0 = Debug|Any CPU
		{C2FED9B5-9B0E-406E-AEC5-01EFDE981FF0}.Release|Any CPU.ActiveCfg = Release|Any CPU
		{C2FED9B5-9B0E-406E-AEC5-01EFDE981FF0}.Release|Any CPU.Build.0 = Release|Any CPU
		{030D33C8-0EB4-4020-ABFE-6E93667C0455}.Debug|Any CPU.ActiveCfg = Debug|Any CPU
		{030D33C8-0EB4-4020-ABFE-6E93667C0455}.Debug|Any CPU.Build.0 = Debug|Any CPU
		{030D33C8-0EB4-4020-ABFE-6E93667C0455}.Release|Any CPU.ActiveCfg = Release|Any CPU
		{030D33C8-0EB4-4020-ABFE-6E93667C0455}.Release|Any CPU.Build.0 = Release|Any CPU
		{DF9D3DE2-AAD7-422B-BF1C-6212C0EC4F5D}.Debug|Any CPU.ActiveCfg = Debug|Any CPU
		{DF9D3DE2-AAD7-422B-BF1C-6212C0EC4F5D}.Debug|Any CPU.Build.0 = Debug|Any CPU
		{DF9D3DE2-AAD7-422B-BF1C-6212C0EC4F5D}.Release|Any CPU.ActiveCfg = Release|Any CPU
		{DF9D3DE2-AAD7-422B-BF1C-6212C0EC4F5D}.Release|Any CPU.Build.0 = Release|Any CPU
		{D7142136-BB4D-418E-ADCE-E0B57BA9FD40}.Debug|Any CPU.ActiveCfg = Debug|Any CPU
		{D7142136-BB4D-418E-ADCE-E0B57BA9FD40}.Debug|Any CPU.Build.0 = Debug|Any CPU
		{D7142136-BB4D-418E-ADCE-E0B57BA9FD40}.Release|Any CPU.ActiveCfg = Release|Any CPU
		{D7142136-BB4D-418E-ADCE-E0B57BA9FD40}.Release|Any CPU.Build.0 = Release|Any CPU
		{89DC41BA-56FF-4537-903A-0B3442DA9FBC}.Debug|Any CPU.ActiveCfg = Debug|Any CPU
		{89DC41BA-56FF-4537-903A-0B3442DA9FBC}.Debug|Any CPU.Build.0 = Debug|Any CPU
		{89DC41BA-56FF-4537-903A-0B3442DA9FBC}.Release|Any CPU.ActiveCfg = Release|Any CPU
		{89DC41BA-56FF-4537-903A-0B3442DA9FBC}.Release|Any CPU.Build.0 = Release|Any CPU
		{DFAD809F-B1CA-490B-883C-DCA5D41AC7DD}.Debug|Any CPU.ActiveCfg = Debug|Any CPU
		{DFAD809F-B1CA-490B-883C-DCA5D41AC7DD}.Debug|Any CPU.Build.0 = Debug|Any CPU
		{DFAD809F-B1CA-490B-883C-DCA5D41AC7DD}.Release|Any CPU.ActiveCfg = Release|Any CPU
		{DFAD809F-B1CA-490B-883C-DCA5D41AC7DD}.Release|Any CPU.Build.0 = Release|Any CPU
		{6E93A6DC-3081-42A2-9566-1C9955192463}.Debug|Any CPU.ActiveCfg = Debug|Any CPU
		{6E93A6DC-3081-42A2-9566-1C9955192463}.Debug|Any CPU.Build.0 = Debug|Any CPU
		{6E93A6DC-3081-42A2-9566-1C9955192463}.Release|Any CPU.ActiveCfg = Release|Any CPU
		{6E93A6DC-3081-42A2-9566-1C9955192463}.Release|Any CPU.Build.0 = Release|Any CPU
		{7F29E457-C9E4-4012-BC02-65F1C5789A40}.Debug|Any CPU.ActiveCfg = Debug|Any CPU
		{7F29E457-C9E4-4012-BC02-65F1C5789A40}.Debug|Any CPU.Build.0 = Debug|Any CPU
		{7F29E457-C9E4-4012-BC02-65F1C5789A40}.Release|Any CPU.ActiveCfg = Release|Any CPU
		{7F29E457-C9E4-4012-BC02-65F1C5789A40}.Release|Any CPU.Build.0 = Release|Any CPU
		{9CC69D56-F568-4881-8361-F42D76920202}.Debug|Any CPU.ActiveCfg = Debug|Any CPU
		{9CC69D56-F568-4881-8361-F42D76920202}.Debug|Any CPU.Build.0 = Debug|Any CPU
		{9CC69D56-F568-4881-8361-F42D76920202}.Release|Any CPU.ActiveCfg = Release|Any CPU
		{9CC69D56-F568-4881-8361-F42D76920202}.Release|Any CPU.Build.0 = Release|Any CPU
		{80378BF8-7115-43EE-B6F9-0AA2C6AB6D15}.Debug|Any CPU.ActiveCfg = Debug|Any CPU
		{80378BF8-7115-43EE-B6F9-0AA2C6AB6D15}.Debug|Any CPU.Build.0 = Debug|Any CPU
		{80378BF8-7115-43EE-B6F9-0AA2C6AB6D15}.Release|Any CPU.ActiveCfg = Release|Any CPU
		{80378BF8-7115-43EE-B6F9-0AA2C6AB6D15}.Release|Any CPU.Build.0 = Release|Any CPU
		{D00F2236-1839-4534-B44D-024A1A24C5BF}.Debug|Any CPU.ActiveCfg = Debug|Any CPU
		{D00F2236-1839-4534-B44D-024A1A24C5BF}.Debug|Any CPU.Build.0 = Debug|Any CPU
		{D00F2236-1839-4534-B44D-024A1A24C5BF}.Release|Any CPU.ActiveCfg = Release|Any CPU
		{D00F2236-1839-4534-B44D-024A1A24C5BF}.Release|Any CPU.Build.0 = Release|Any CPU
		{F5216056-BB5E-4060-A6DB-D319D509045F}.Debug|Any CPU.ActiveCfg = Debug|Any CPU
		{F5216056-BB5E-4060-A6DB-D319D509045F}.Debug|Any CPU.Build.0 = Debug|Any CPU
		{F5216056-BB5E-4060-A6DB-D319D509045F}.Release|Any CPU.ActiveCfg = Release|Any CPU
		{F5216056-BB5E-4060-A6DB-D319D509045F}.Release|Any CPU.Build.0 = Release|Any CPU
		{8BC70D37-678B-4E1B-B38A-D002E212CE3C}.Debug|Any CPU.ActiveCfg = Debug|Any CPU
		{8BC70D37-678B-4E1B-B38A-D002E212CE3C}.Debug|Any CPU.Build.0 = Debug|Any CPU
		{8BC70D37-678B-4E1B-B38A-D002E212CE3C}.Release|Any CPU.ActiveCfg = Release|Any CPU
		{8BC70D37-678B-4E1B-B38A-D002E212CE3C}.Release|Any CPU.Build.0 = Release|Any CPU
		{70F069B2-111C-43FE-BC70-8342AA72F6C1}.Debug|Any CPU.ActiveCfg = Debug|Any CPU
		{70F069B2-111C-43FE-BC70-8342AA72F6C1}.Debug|Any CPU.Build.0 = Debug|Any CPU
		{70F069B2-111C-43FE-BC70-8342AA72F6C1}.Release|Any CPU.ActiveCfg = Release|Any CPU
		{70F069B2-111C-43FE-BC70-8342AA72F6C1}.Release|Any CPU.Build.0 = Release|Any CPU
		{5DCC08A0-BAC1-447A-AE67-A606B8EAB36D}.Debug|Any CPU.ActiveCfg = Debug|Any CPU
		{5DCC08A0-BAC1-447A-AE67-A606B8EAB36D}.Debug|Any CPU.Build.0 = Debug|Any CPU
		{5DCC08A0-BAC1-447A-AE67-A606B8EAB36D}.Release|Any CPU.ActiveCfg = Release|Any CPU
		{5DCC08A0-BAC1-447A-AE67-A606B8EAB36D}.Release|Any CPU.Build.0 = Release|Any CPU
		{3A47A822-80A7-4818-B208-823D85530D50}.Debug|Any CPU.ActiveCfg = Debug|Any CPU
		{3A47A822-80A7-4818-B208-823D85530D50}.Debug|Any CPU.Build.0 = Debug|Any CPU
		{3A47A822-80A7-4818-B208-823D85530D50}.Release|Any CPU.ActiveCfg = Release|Any CPU
		{3A47A822-80A7-4818-B208-823D85530D50}.Release|Any CPU.Build.0 = Release|Any CPU
	EndGlobalSection
EndGlobal
